
Microsoft Visual Studio Solution File, Format Version 12.00
# Visual Studio 15
VisualStudioVersion = 15.0.28307.572
MinimumVisualStudioVersion = 10.0.40219.1
Project("{FAE04EC0-301F-11D3-BF4B-00C04F79EFBC}") = "App02_TipoPaginaXF.Android", "App02_TipoPaginaXF\App02_TipoPaginaXF.Android\App02_TipoPaginaXF.Android.csproj", "{EC86DD9B-57CB-41EA-8CE2-0DFA712C7568}"
EndProject
Project("{FAE04EC0-301F-11D3-BF4B-00C04F79EFBC}") = "App02_TipoPaginaXF.iOS", "App02_TipoPaginaXF\App02_TipoPaginaXF.iOS\App02_TipoPaginaXF.iOS.csproj", "{3B8C738F-B6F9-4948-9D07-B243056CFE45}"
EndProject
Project("{FAE04EC0-301F-11D3-BF4B-00C04F79EFBC}") = "App02_TipoPaginaXF.UWP", "App02_TipoPaginaXF\App02_TipoPaginaXF.UWP\App02_TipoPaginaXF.UWP.csproj", "{D158F644-975F-4863-8BDF-752C32CDFE81}"
EndProject
Project("{FAE04EC0-301F-11D3-BF4B-00C04F79EFBC}") = "App02_TipoPaginaXF", "App02_TipoPaginaXF\App02_TipoPaginaXF\App02_TipoPaginaXF.csproj", "{37210798-95B1-4161-A046-A857C0939B49}"
EndProject
Global
	GlobalSection(SolutionConfigurationPlatforms) = preSolution
		Ad-Hoc|Any CPU = Ad-Hoc|Any CPU
		Ad-Hoc|ARM = Ad-Hoc|ARM
		Ad-Hoc|iPhone = Ad-Hoc|iPhone
		Ad-Hoc|iPhoneSimulator = Ad-Hoc|iPhoneSimulator
		Ad-Hoc|x64 = Ad-Hoc|x64
		Ad-Hoc|x86 = Ad-Hoc|x86
		AppStore|Any CPU = AppStore|Any CPU
		AppStore|ARM = AppStore|ARM
		AppStore|iPhone = AppStore|iPhone
		AppStore|iPhoneSimulator = AppStore|iPhoneSimulator
		AppStore|x64 = AppStore|x64
		AppStore|x86 = AppStore|x86
		Debug|Any CPU = Debug|Any CPU
		Debug|ARM = Debug|ARM
		Debug|iPhone = Debug|iPhone
		Debug|iPhoneSimulator = Debug|iPhoneSimulator
		Debug|x64 = Debug|x64
		Debug|x86 = Debug|x86
		Release|Any CPU = Release|Any CPU
		Release|ARM = Release|ARM
		Release|iPhone = Release|iPhone
		Release|iPhoneSimulator = Release|iPhoneSimulator
		Release|x64 = Release|x64
		Release|x86 = Release|x86
	EndGlobalSection
	GlobalSection(ProjectConfigurationPlatforms) = postSolution
		{EC86DD9B-57CB-41EA-8CE2-0DFA712C7568}.Ad-Hoc|Any CPU.ActiveCfg = Release|Any CPU
		{EC86DD9B-57CB-41EA-8CE2-0DFA712C7568}.Ad-Hoc|Any CPU.Build.0 = Release|Any CPU
		{EC86DD9B-57CB-41EA-8CE2-0DFA712C7568}.Ad-Hoc|Any CPU.Deploy.0 = Release|Any CPU
		{EC86DD9B-57CB-41EA-8CE2-0DFA712C7568}.Ad-Hoc|ARM.ActiveCfg = Release|Any CPU
		{EC86DD9B-57CB-41EA-8CE2-0DFA712C7568}.Ad-Hoc|ARM.Build.0 = Release|Any CPU
		{EC86DD9B-57CB-41EA-8CE2-0DFA712C7568}.Ad-Hoc|ARM.Deploy.0 = Release|Any CPU
		{EC86DD9B-57CB-41EA-8CE2-0DFA712C7568}.Ad-Hoc|iPhone.ActiveCfg = Release|Any CPU
		{EC86DD9B-57CB-41EA-8CE2-0DFA712C7568}.Ad-Hoc|iPhone.Build.0 = Release|Any CPU
		{EC86DD9B-57CB-41EA-8CE2-0DFA712C7568}.Ad-Hoc|iPhone.Deploy.0 = Release|Any CPU
		{EC86DD9B-57CB-41EA-8CE2-0DFA712C7568}.Ad-Hoc|iPhoneSimulator.ActiveCfg = Release|Any CPU
		{EC86DD9B-57CB-41EA-8CE2-0DFA712C7568}.Ad-Hoc|iPhoneSimulator.Build.0 = Release|Any CPU
		{EC86DD9B-57CB-41EA-8CE2-0DFA712C7568}.Ad-Hoc|iPhoneSimulator.Deploy.0 = Release|Any CPU
		{EC86DD9B-57CB-41EA-8CE2-0DFA712C7568}.Ad-Hoc|x64.ActiveCfg = Release|Any CPU
		{EC86DD9B-57CB-41EA-8CE2-0DFA712C7568}.Ad-Hoc|x64.Build.0 = Release|Any CPU
		{EC86DD9B-57CB-41EA-8CE2-0DFA712C7568}.Ad-Hoc|x64.Deploy.0 = Release|Any CPU
		{EC86DD9B-57CB-41EA-8CE2-0DFA712C7568}.Ad-Hoc|x86.ActiveCfg = Release|Any CPU
		{EC86DD9B-57CB-41EA-8CE2-0DFA712C7568}.Ad-Hoc|x86.Build.0 = Release|Any CPU
		{EC86DD9B-57CB-41EA-8CE2-0DFA712C7568}.Ad-Hoc|x86.Deploy.0 = Release|Any CPU
		{EC86DD9B-57CB-41EA-8CE2-0DFA712C7568}.AppStore|Any CPU.ActiveCfg = Release|Any CPU
		{EC86DD9B-57CB-41EA-8CE2-0DFA712C7568}.AppStore|Any CPU.Build.0 = Release|Any CPU
		{EC86DD9B-57CB-41EA-8CE2-0DFA712C7568}.AppStore|Any CPU.Deploy.0 = Release|Any CPU
		{EC86DD9B-57CB-41EA-8CE2-0DFA712C7568}.AppStore|ARM.ActiveCfg = Release|Any CPU
		{EC86DD9B-57CB-41EA-8CE2-0DFA712C7568}.AppStore|ARM.Build.0 = Release|Any CPU
		{EC86DD9B-57CB-41EA-8CE2-0DFA712C7568}.AppStore|ARM.Deploy.0 = Release|Any CPU
		{EC86DD9B-57CB-41EA-8CE2-0DFA712C7568}.AppStore|iPhone.ActiveCfg = Release|Any CPU
		{EC86DD9B-57CB-41EA-8CE2-0DFA712C7568}.AppStore|iPhone.Build.0 = Release|Any CPU
		{EC86DD9B-57CB-41EA-8CE2-0DFA712C7568}.AppStore|iPhone.Deploy.0 = Release|Any CPU
		{EC86DD9B-57CB-41EA-8CE2-0DFA712C7568}.AppStore|iPhoneSimulator.ActiveCfg = Release|Any CPU
		{EC86DD9B-57CB-41EA-8CE2-0DFA712C7568}.AppStore|iPhoneSimulator.Build.0 = Release|Any CPU
		{EC86DD9B-57CB-41EA-8CE2-0DFA712C7568}.AppStore|iPhoneSimulator.Deploy.0 = Release|Any CPU
		{EC86DD9B-57CB-41EA-8CE2-0DFA712C7568}.AppStore|x64.ActiveCfg = Release|Any CPU
		{EC86DD9B-57CB-41EA-8CE2-0DFA712C7568}.AppStore|x64.Build.0 = Release|Any CPU
		{EC86DD9B-57CB-41EA-8CE2-0DFA712C7568}.AppStore|x64.Deploy.0 = Release|Any CPU
		{EC86DD9B-57CB-41EA-8CE2-0DFA712C7568}.AppStore|x86.ActiveCfg = Release|Any CPU
		{EC86DD9B-57CB-41EA-8CE2-0DFA712C7568}.AppStore|x86.Build.0 = Release|Any CPU
		{EC86DD9B-57CB-41EA-8CE2-0DFA712C7568}.AppStore|x86.Deploy.0 = Release|Any CPU
		{EC86DD9B-57CB-41EA-8CE2-0DFA712C7568}.Debug|Any CPU.ActiveCfg = Debug|Any CPU
		{EC86DD9B-57CB-41EA-8CE2-0DFA712C7568}.Debug|Any CPU.Build.0 = Debug|Any CPU
		{EC86DD9B-57CB-41EA-8CE2-0DFA712C7568}.Debug|Any CPU.Deploy.0 = Debug|Any CPU
		{EC86DD9B-57CB-41EA-8CE2-0DFA712C7568}.Debug|ARM.ActiveCfg = Debug|Any CPU
		{EC86DD9B-57CB-41EA-8CE2-0DFA712C7568}.Debug|ARM.Build.0 = Debug|Any CPU
		{EC86DD9B-57CB-41EA-8CE2-0DFA712C7568}.Debug|ARM.Deploy.0 = Debug|Any CPU
		{EC86DD9B-57CB-41EA-8CE2-0DFA712C7568}.Debug|iPhone.ActiveCfg = Debug|Any CPU
		{EC86DD9B-57CB-41EA-8CE2-0DFA712C7568}.Debug|iPhone.Build.0 = Debug|Any CPU
		{EC86DD9B-57CB-41EA-8CE2-0DFA712C7568}.Debug|iPhone.Deploy.0 = Debug|Any CPU
		{EC86DD9B-57CB-41EA-8CE2-0DFA712C7568}.Debug|iPhoneSimulator.ActiveCfg = Debug|Any CPU
		{EC86DD9B-57CB-41EA-8CE2-0DFA712C7568}.Debug|iPhoneSimulator.Build.0 = Debug|Any CPU
		{EC86DD9B-57CB-41EA-8CE2-0DFA712C7568}.Debug|iPhoneSimulator.Deploy.0 = Debug|Any CPU
		{EC86DD9B-57CB-41EA-8CE2-0DFA712C7568}.Debug|x64.ActiveCfg = Debug|Any CPU
		{EC86DD9B-57CB-41EA-8CE2-0DFA712C7568}.Debug|x64.Build.0 = Debug|Any CPU
		{EC86DD9B-57CB-41EA-8CE2-0DFA712C7568}.Debug|x64.Deploy.0 = Debug|Any CPU
		{EC86DD9B-57CB-41EA-8CE2-0DFA712C7568}.Debug|x86.ActiveCfg = Debug|Any CPU
		{EC86DD9B-57CB-41EA-8CE2-0DFA712C7568}.Debug|x86.Build.0 = Debug|Any CPU
		{EC86DD9B-57CB-41EA-8CE2-0DFA712C7568}.Debug|x86.Deploy.0 = Debug|Any CPU
		{EC86DD9B-57CB-41EA-8CE2-0DFA712C7568}.Release|Any CPU.ActiveCfg = Release|Any CPU
		{EC86DD9B-57CB-41EA-8CE2-0DFA712C7568}.Release|Any CPU.Build.0 = Release|Any CPU
		{EC86DD9B-57CB-41EA-8CE2-0DFA712C7568}.Release|Any CPU.Deploy.0 = Release|Any CPU
		{EC86DD9B-57CB-41EA-8CE2-0DFA712C7568}.Release|ARM.ActiveCfg = Release|Any CPU
		{EC86DD9B-57CB-41EA-8CE2-0DFA712C7568}.Release|ARM.Build.0 = Release|Any CPU
		{EC86DD9B-57CB-41EA-8CE2-0DFA712C7568}.Release|ARM.Deploy.0 = Release|Any CPU
		{EC86DD9B-57CB-41EA-8CE2-0DFA712C7568}.Release|iPhone.ActiveCfg = Release|Any CPU
		{EC86DD9B-57CB-41EA-8CE2-0DFA712C7568}.Release|iPhone.Build.0 = Release|Any CPU
		{EC86DD9B-57CB-41EA-8CE2-0DFA712C7568}.Release|iPhone.Deploy.0 = Release|Any CPU
		{EC86DD9B-57CB-41EA-8CE2-0DFA712C7568}.Release|iPhoneSimulator.ActiveCfg = Release|Any CPU
		{EC86DD9B-57CB-41EA-8CE2-0DFA712C7568}.Release|iPhoneSimulator.Build.0 = Release|Any CPU
		{EC86DD9B-57CB-41EA-8CE2-0DFA712C7568}.Release|iPhoneSimulator.Deploy.0 = Release|Any CPU
		{EC86DD9B-57CB-41EA-8CE2-0DFA712C7568}.Release|x64.ActiveCfg = Release|Any CPU
		{EC86DD9B-57CB-41EA-8CE2-0DFA712C7568}.Release|x64.Build.0 = Release|Any CPU
		{EC86DD9B-57CB-41EA-8CE2-0DFA712C7568}.Release|x64.Deploy.0 = Release|Any CPU
		{EC86DD9B-57CB-41EA-8CE2-0DFA712C7568}.Release|x86.ActiveCfg = Release|Any CPU
		{EC86DD9B-57CB-41EA-8CE2-0DFA712C7568}.Release|x86.Build.0 = Release|Any CPU
		{EC86DD9B-57CB-41EA-8CE2-0DFA712C7568}.Release|x86.Deploy.0 = Release|Any CPU
		{3B8C738F-B6F9-4948-9D07-B243056CFE45}.Ad-Hoc|Any CPU.ActiveCfg = Ad-Hoc|iPhone
		{3B8C738F-B6F9-4948-9D07-B243056CFE45}.Ad-Hoc|Any CPU.Build.0 = Ad-Hoc|iPhone
		{3B8C738F-B6F9-4948-9D07-B243056CFE45}.Ad-Hoc|Any CPU.Deploy.0 = Ad-Hoc|iPhone
		{3B8C738F-B6F9-4948-9D07-B243056CFE45}.Ad-Hoc|ARM.ActiveCfg = Ad-Hoc|iPhone
		{3B8C738F-B6F9-4948-9D07-B243056CFE45}.Ad-Hoc|ARM.Build.0 = Ad-Hoc|iPhone
		{3B8C738F-B6F9-4948-9D07-B243056CFE45}.Ad-Hoc|ARM.Deploy.0 = Ad-Hoc|iPhone
		{3B8C738F-B6F9-4948-9D07-B243056CFE45}.Ad-Hoc|iPhone.ActiveCfg = Ad-Hoc|iPhone
		{3B8C738F-B6F9-4948-9D07-B243056CFE45}.Ad-Hoc|iPhone.Build.0 = Ad-Hoc|iPhone
		{3B8C738F-B6F9-4948-9D07-B243056CFE45}.Ad-Hoc|iPhone.Deploy.0 = Ad-Hoc|iPhone
		{3B8C738F-B6F9-4948-9D07-B243056CFE45}.Ad-Hoc|iPhoneSimulator.ActiveCfg = Ad-Hoc|iPhoneSimulator
		{3B8C738F-B6F9-4948-9D07-B243056CFE45}.Ad-Hoc|iPhoneSimulator.Build.0 = Ad-Hoc|iPhoneSimulator
		{3B8C738F-B6F9-4948-9D07-B243056CFE45}.Ad-Hoc|iPhoneSimulator.Deploy.0 = Ad-Hoc|iPhoneSimulator
		{3B8C738F-B6F9-4948-9D07-B243056CFE45}.Ad-Hoc|x64.ActiveCfg = Ad-Hoc|iPhone
		{3B8C738F-B6F9-4948-9D07-B243056CFE45}.Ad-Hoc|x64.Build.0 = Ad-Hoc|iPhone
		{3B8C738F-B6F9-4948-9D07-B243056CFE45}.Ad-Hoc|x64.Deploy.0 = Ad-Hoc|iPhone
		{3B8C738F-B6F9-4948-9D07-B243056CFE45}.Ad-Hoc|x86.ActiveCfg = Ad-Hoc|iPhone
		{3B8C738F-B6F9-4948-9D07-B243056CFE45}.Ad-Hoc|x86.Build.0 = Ad-Hoc|iPhone
		{3B8C738F-B6F9-4948-9D07-B243056CFE45}.Ad-Hoc|x86.Deploy.0 = Ad-Hoc|iPhone
		{3B8C738F-B6F9-4948-9D07-B243056CFE45}.AppStore|Any CPU.ActiveCfg = AppStore|iPhone
		{3B8C738F-B6F9-4948-9D07-B243056CFE45}.AppStore|Any CPU.Build.0 = AppStore|iPhone
		{3B8C738F-B6F9-4948-9D07-B243056CFE45}.AppStore|Any CPU.Deploy.0 = AppStore|iPhone
		{3B8C738F-B6F9-4948-9D07-B243056CFE45}.AppStore|ARM.ActiveCfg = AppStore|iPhone
		{3B8C738F-B6F9-4948-9D07-B243056CFE45}.AppStore|ARM.Build.0 = AppStore|iPhone
		{3B8C738F-B6F9-4948-9D07-B243056CFE45}.AppStore|ARM.Deploy.0 = AppStore|iPhone
		{3B8C738F-B6F9-4948-9D07-B243056CFE45}.AppStore|iPhone.ActiveCfg = AppStore|iPhone
		{3B8C738F-B6F9-4948-9D07-B243056CFE45}.AppStore|iPhone.Build.0 = AppStore|iPhone
		{3B8C738F-B6F9-4948-9D07-B243056CFE45}.AppStore|iPhone.Deploy.0 = AppStore|iPhone
		{3B8C738F-B6F9-4948-9D07-B243056CFE45}.AppStore|iPhoneSimulator.ActiveCfg = AppStore|iPhoneSimulator
		{3B8C738F-B6F9-4948-9D07-B243056CFE45}.AppStore|iPhoneSimulator.Build.0 = AppStore|iPhoneSimulator
		{3B8C738F-B6F9-4948-9D07-B243056CFE45}.AppStore|iPhoneSimulator.Deploy.0 = AppStore|iPhoneSimulator
		{3B8C738F-B6F9-4948-9D07-B243056CFE45}.AppStore|x64.ActiveCfg = AppStore|iPhone
		{3B8C738F-B6F9-4948-9D07-B243056CFE45}.AppStore|x64.Build.0 = AppStore|iPhone
		{3B8C738F-B6F9-4948-9D07-B243056CFE45}.AppStore|x64.Deploy.0 = AppStore|iPhone
		{3B8C738F-B6F9-4948-9D07-B243056CFE45}.AppStore|x86.ActiveCfg = AppStore|iPhone
		{3B8C738F-B6F9-4948-9D07-B243056CFE45}.AppStore|x86.Build.0 = AppStore|iPhone
		{3B8C738F-B6F9-4948-9D07-B243056CFE45}.AppStore|x86.Deploy.0 = AppStore|iPhone
		{3B8C738F-B6F9-4948-9D07-B243056CFE45}.Debug|Any CPU.ActiveCfg = Debug|iPhoneSimulator
		{3B8C738F-B6F9-4948-9D07-B243056CFE45}.Debug|Any CPU.Build.0 = Debug|iPhoneSimulator
		{3B8C738F-B6F9-4948-9D07-B243056CFE45}.Debug|Any CPU.Deploy.0 = Debug|iPhoneSimulator
		{3B8C738F-B6F9-4948-9D07-B243056CFE45}.Debug|ARM.ActiveCfg = Debug|iPhone
		{3B8C738F-B6F9-4948-9D07-B243056CFE45}.Debug|ARM.Build.0 = Debug|iPhone
		{3B8C738F-B6F9-4948-9D07-B243056CFE45}.Debug|ARM.Deploy.0 = Debug|iPhone
		{3B8C738F-B6F9-4948-9D07-B243056CFE45}.Debug|iPhone.ActiveCfg = Debug|iPhone
		{3B8C738F-B6F9-4948-9D07-B243056CFE45}.Debug|iPhone.Build.0 = Debug|iPhone
		{3B8C738F-B6F9-4948-9D07-B243056CFE45}.Debug|iPhone.Deploy.0 = Debug|iPhone
		{3B8C738F-B6F9-4948-9D07-B243056CFE45}.Debug|iPhoneSimulator.ActiveCfg = Debug|iPhoneSimulator
		{3B8C738F-B6F9-4948-9D07-B243056CFE45}.Debug|iPhoneSimulator.Build.0 = Debug|iPhoneSimulator
		{3B8C738F-B6F9-4948-9D07-B243056CFE45}.Debug|iPhoneSimulator.Deploy.0 = Debug|iPhoneSimulator
		{3B8C738F-B6F9-4948-9D07-B243056CFE45}.Debug|x64.ActiveCfg = Debug|iPhone
		{3B8C738F-B6F9-4948-9D07-B243056CFE45}.Debug|x64.Build.0 = Debug|iPhone
		{3B8C738F-B6F9-4948-9D07-B243056CFE45}.Debug|x64.Deploy.0 = Debug|iPhone
		{3B8C738F-B6F9-4948-9D07-B243056CFE45}.Debug|x86.ActiveCfg = Debug|iPhone
		{3B8C738F-B6F9-4948-9D07-B243056CFE45}.Debug|x86.Build.0 = Debug|iPhone
		{3B8C738F-B6F9-4948-9D07-B243056CFE45}.Debug|x86.Deploy.0 = Debug|iPhone
		{3B8C738F-B6F9-4948-9D07-B243056CFE45}.Release|Any CPU.ActiveCfg = Release|iPhone
		{3B8C738F-B6F9-4948-9D07-B243056CFE45}.Release|Any CPU.Build.0 = Release|iPhone
		{3B8C738F-B6F9-4948-9D07-B243056CFE45}.Release|Any CPU.Deploy.0 = Release|iPhone
		{3B8C738F-B6F9-4948-9D07-B243056CFE45}.Release|ARM.ActiveCfg = Release|iPhone
		{3B8C738F-B6F9-4948-9D07-B243056CFE45}.Release|ARM.Build.0 = Release|iPhone
		{3B8C738F-B6F9-4948-9D07-B243056CFE45}.Release|ARM.Deploy.0 = Release|iPhone
		{3B8C738F-B6F9-4948-9D07-B243056CFE45}.Release|iPhone.ActiveCfg = Release|iPhone
		{3B8C738F-B6F9-4948-9D07-B243056CFE45}.Release|iPhone.Build.0 = Release|iPhone
		{3B8C738F-B6F9-4948-9D07-B243056CFE45}.Release|iPhone.Deploy.0 = Release|iPhone
		{3B8C738F-B6F9-4948-9D07-B243056CFE45}.Release|iPhoneSimulator.ActiveCfg = Release|iPhoneSimulator
		{3B8C738F-B6F9-4948-9D07-B243056CFE45}.Release|iPhoneSimulator.Build.0 = Release|iPhoneSimulator
		{3B8C738F-B6F9-4948-9D07-B243056CFE45}.Release|iPhoneSimulator.Deploy.0 = Release|iPhoneSimulator
		{3B8C738F-B6F9-4948-9D07-B243056CFE45}.Release|x64.ActiveCfg = Release|iPhone
		{3B8C738F-B6F9-4948-9D07-B243056CFE45}.Release|x64.Build.0 = Release|iPhone
		{3B8C738F-B6F9-4948-9D07-B243056CFE45}.Release|x64.Deploy.0 = Release|iPhone
		{3B8C738F-B6F9-4948-9D07-B243056CFE45}.Release|x86.ActiveCfg = Release|iPhone
		{3B8C738F-B6F9-4948-9D07-B243056CFE45}.Release|x86.Build.0 = Release|iPhone
		{3B8C738F-B6F9-4948-9D07-B243056CFE45}.Release|x86.Deploy.0 = Release|iPhone
		{D158F644-975F-4863-8BDF-752C32CDFE81}.Ad-Hoc|Any CPU.ActiveCfg = Release|x86
		{D158F644-975F-4863-8BDF-752C32CDFE81}.Ad-Hoc|Any CPU.Build.0 = Release|x86
		{D158F644-975F-4863-8BDF-752C32CDFE81}.Ad-Hoc|Any CPU.Deploy.0 = Release|x86
		{D158F644-975F-4863-8BDF-752C32CDFE81}.Ad-Hoc|ARM.ActiveCfg = Release|ARM
		{D158F644-975F-4863-8BDF-752C32CDFE81}.Ad-Hoc|ARM.Build.0 = Release|ARM
		{D158F644-975F-4863-8BDF-752C32CDFE81}.Ad-Hoc|ARM.Deploy.0 = Release|ARM
		{D158F644-975F-4863-8BDF-752C32CDFE81}.Ad-Hoc|iPhone.ActiveCfg = Release|x86
		{D158F644-975F-4863-8BDF-752C32CDFE81}.Ad-Hoc|iPhone.Build.0 = Release|x86
		{D158F644-975F-4863-8BDF-752C32CDFE81}.Ad-Hoc|iPhone.Deploy.0 = Release|x86
		{D158F644-975F-4863-8BDF-752C32CDFE81}.Ad-Hoc|iPhoneSimulator.ActiveCfg = Release|x86
		{D158F644-975F-4863-8BDF-752C32CDFE81}.Ad-Hoc|iPhoneSimulator.Build.0 = Release|x86
		{D158F644-975F-4863-8BDF-752C32CDFE81}.Ad-Hoc|iPhoneSimulator.Deploy.0 = Release|x86
		{D158F644-975F-4863-8BDF-752C32CDFE81}.Ad-Hoc|x64.ActiveCfg = Release|x64
		{D158F644-975F-4863-8BDF-752C32CDFE81}.Ad-Hoc|x64.Build.0 = Release|x64
		{D158F644-975F-4863-8BDF-752C32CDFE81}.Ad-Hoc|x64.Deploy.0 = Release|x64
		{D158F644-975F-4863-8BDF-752C32CDFE81}.Ad-Hoc|x86.ActiveCfg = Release|x86
		{D158F644-975F-4863-8BDF-752C32CDFE81}.Ad-Hoc|x86.Build.0 = Release|x86
		{D158F644-975F-4863-8BDF-752C32CDFE81}.Ad-Hoc|x86.Deploy.0 = Release|x86
		{D158F644-975F-4863-8BDF-752C32CDFE81}.AppStore|Any CPU.ActiveCfg = Release|x86
		{D158F644-975F-4863-8BDF-752C32CDFE81}.AppStore|Any CPU.Build.0 = Release|x86
		{D158F644-975F-4863-8BDF-752C32CDFE81}.AppStore|Any CPU.Deploy.0 = Release|x86
		{D158F644-975F-4863-8BDF-752C32CDFE81}.AppStore|ARM.ActiveCfg = Release|ARM
		{D158F644-975F-4863-8BDF-752C32CDFE81}.AppStore|ARM.Build.0 = Release|ARM
		{D158F644-975F-4863-8BDF-752C32CDFE81}.AppStore|ARM.Deploy.0 = Release|ARM
		{D158F644-975F-4863-8BDF-752C32CDFE81}.AppStore|iPhone.ActiveCfg = Release|x86
		{D158F644-975F-4863-8BDF-752C32CDFE81}.AppStore|iPhone.Build.0 = Release|x86
		{D158F644-975F-4863-8BDF-752C32CDFE81}.AppStore|iPhone.Deploy.0 = Release|x86
		{D158F644-975F-4863-8BDF-752C32CDFE81}.AppStore|iPhoneSimulator.ActiveCfg = Release|x86
		{D158F644-975F-4863-8BDF-752C32CDFE81}.AppStore|iPhoneSimulator.Build.0 = Release|x86
		{D158F644-975F-4863-8BDF-752C32CDFE81}.AppStore|iPhoneSimulator.Deploy.0 = Release|x86
		{D158F644-975F-4863-8BDF-752C32CDFE81}.AppStore|x64.ActiveCfg = Release|x64
		{D158F644-975F-4863-8BDF-752C32CDFE81}.AppStore|x64.Build.0 = Release|x64
		{D158F644-975F-4863-8BDF-752C32CDFE81}.AppStore|x64.Deploy.0 = Release|x64
		{D158F644-975F-4863-8BDF-752C32CDFE81}.AppStore|x86.ActiveCfg = Release|x86
		{D158F644-975F-4863-8BDF-752C32CDFE81}.AppStore|x86.Build.0 = Release|x86
		{D158F644-975F-4863-8BDF-752C32CDFE81}.AppStore|x86.Deploy.0 = Release|x86
		{D158F644-975F-4863-8BDF-752C32CDFE81}.Debug|Any CPU.ActiveCfg = Debug|x86
		{D158F644-975F-4863-8BDF-752C32CDFE81}.Debug|Any CPU.Build.0 = Debug|x86
		{D158F644-975F-4863-8BDF-752C32CDFE81}.Debug|Any CPU.Deploy.0 = Debug|x86
		{D158F644-975F-4863-8BDF-752C32CDFE81}.Debug|ARM.ActiveCfg = Debug|ARM
		{D158F644-975F-4863-8BDF-752C32CDFE81}.Debug|ARM.Build.0 = Debug|ARM
		{D158F644-975F-4863-8BDF-752C32CDFE81}.Debug|ARM.Deploy.0 = Debug|ARM
		{D158F644-975F-4863-8BDF-752C32CDFE81}.Debug|iPhone.ActiveCfg = Debug|x86
		{D158F644-975F-4863-8BDF-752C32CDFE81}.Debug|iPhone.Build.0 = Debug|x86
		{D158F644-975F-4863-8BDF-752C32CDFE81}.Debug|iPhone.Deploy.0 = Debug|x86
		{D158F644-975F-4863-8BDF-752C32CDFE81}.Debug|iPhoneSimulator.ActiveCfg = Debug|x86
		{D158F644-975F-4863-8BDF-752C32CDFE81}.Debug|iPhoneSimulator.Build.0 = Debug|x86
		{D158F644-975F-4863-8BDF-752C32CDFE81}.Debug|iPhoneSimulator.Deploy.0 = Debug|x86
		{D158F644-975F-4863-8BDF-752C32CDFE81}.Debug|x64.ActiveCfg = Debug|x64
		{D158F644-975F-4863-8BDF-752C32CDFE81}.Debug|x64.Build.0 = Debug|x64
		{D158F644-975F-4863-8BDF-752C32CDFE81}.Debug|x64.Deploy.0 = Debug|x64
		{D158F644-975F-4863-8BDF-752C32CDFE81}.Debug|x86.ActiveCfg = Debug|x86
		{D158F644-975F-4863-8BDF-752C32CDFE81}.Debug|x86.Build.0 = Debug|x86
		{D158F644-975F-4863-8BDF-752C32CDFE81}.Debug|x86.Deploy.0 = Debug|x86
		{D158F644-975F-4863-8BDF-752C32CDFE81}.Release|Any CPU.ActiveCfg = Release|x86
		{D158F644-975F-4863-8BDF-752C32CDFE81}.Release|Any CPU.Build.0 = Release|x86
		{D158F644-975F-4863-8BDF-752C32CDFE81}.Release|Any CPU.Deploy.0 = Release|x86
		{D158F644-975F-4863-8BDF-752C32CDFE81}.Release|ARM.ActiveCfg = Release|ARM
		{D158F644-975F-4863-8BDF-752C32CDFE81}.Release|ARM.Build.0 = Release|ARM
		{D158F644-975F-4863-8BDF-752C32CDFE81}.Release|ARM.Deploy.0 = Release|ARM
		{D158F644-975F-4863-8BDF-752C32CDFE81}.Release|iPhone.ActiveCfg = Release|x86
		{D158F644-975F-4863-8BDF-752C32CDFE81}.Release|iPhone.Build.0 = Release|x86
		{D158F644-975F-4863-8BDF-752C32CDFE81}.Release|iPhone.Deploy.0 = Release|x86
		{D158F644-975F-4863-8BDF-752C32CDFE81}.Release|iPhoneSimulator.ActiveCfg = Release|x86
		{D158F644-975F-4863-8BDF-752C32CDFE81}.Release|iPhoneSimulator.Build.0 = Release|x86
		{D158F644-975F-4863-8BDF-752C32CDFE81}.Release|iPhoneSimulator.Deploy.0 = Release|x86
		{D158F644-975F-4863-8BDF-752C32CDFE81}.Release|x64.ActiveCfg = Release|x64
		{D158F644-975F-4863-8BDF-752C32CDFE81}.Release|x64.Build.0 = Release|x64
		{D158F644-975F-4863-8BDF-752C32CDFE81}.Release|x64.Deploy.0 = Release|x64
		{D158F644-975F-4863-8BDF-752C32CDFE81}.Release|x86.ActiveCfg = Release|x86
		{D158F644-975F-4863-8BDF-752C32CDFE81}.Release|x86.Build.0 = Release|x86
		{D158F644-975F-4863-8BDF-752C32CDFE81}.Release|x86.Deploy.0 = Release|x86
		{37210798-95B1-4161-A046-A857C0939B49}.Ad-Hoc|Any CPU.ActiveCfg = Debug|Any CPU
		{37210798-95B1-4161-A046-A857C0939B49}.Ad-Hoc|Any CPU.Build.0 = Debug|Any CPU
		{37210798-95B1-4161-A046-A857C0939B49}.Ad-Hoc|Any CPU.Deploy.0 = Debug|Any CPU
		{37210798-95B1-4161-A046-A857C0939B49}.Ad-Hoc|ARM.ActiveCfg = Debug|Any CPU
		{37210798-95B1-4161-A046-A857C0939B49}.Ad-Hoc|ARM.Build.0 = Debug|Any CPU
		{37210798-95B1-4161-A046-A857C0939B49}.Ad-Hoc|ARM.Deploy.0 = Debug|Any CPU
		{37210798-95B1-4161-A046-A857C0939B49}.Ad-Hoc|iPhone.ActiveCfg = Debug|Any CPU
		{37210798-95B1-4161-A046-A857C0939B49}.Ad-Hoc|iPhone.Build.0 = Debug|Any CPU
		{37210798-95B1-4161-A046-A857C0939B49}.Ad-Hoc|iPhone.Deploy.0 = Debug|Any CPU
		{37210798-95B1-4161-A046-A857C0939B49}.Ad-Hoc|iPhoneSimulator.ActiveCfg = Debug|Any CPU
		{37210798-95B1-4161-A046-A857C0939B49}.Ad-Hoc|iPhoneSimulator.Build.0 = Debug|Any CPU
		{37210798-95B1-4161-A046-A857C0939B49}.Ad-Hoc|iPhoneSimulator.Deploy.0 = Debug|Any CPU
		{37210798-95B1-4161-A046-A857C0939B49}.Ad-Hoc|x64.ActiveCfg = Debug|Any CPU
		{37210798-95B1-4161-A046-A857C0939B49}.Ad-Hoc|x64.Build.0 = Debug|Any CPU
		{37210798-95B1-4161-A046-A857C0939B49}.Ad-Hoc|x64.Deploy.0 = Debug|Any CPU
		{37210798-95B1-4161-A046-A857C0939B49}.Ad-Hoc|x86.ActiveCfg = Debug|Any CPU
		{37210798-95B1-4161-A046-A857C0939B49}.Ad-Hoc|x86.Build.0 = Debug|Any CPU
		{37210798-95B1-4161-A046-A857C0939B49}.Ad-Hoc|x86.Deploy.0 = Debug|Any CPU
		{37210798-95B1-4161-A046-A857C0939B49}.AppStore|Any CPU.ActiveCfg = Debug|Any CPU
		{37210798-95B1-4161-A046-A857C0939B49}.AppStore|Any CPU.Build.0 = Debug|Any CPU
		{37210798-95B1-4161-A046-A857C0939B49}.AppStore|Any CPU.Deploy.0 = Debug|Any CPU
		{37210798-95B1-4161-A046-A857C0939B49}.AppStore|ARM.ActiveCfg = Debug|Any CPU
		{37210798-95B1-4161-A046-A857C0939B49}.AppStore|ARM.Build.0 = Debug|Any CPU
		{37210798-95B1-4161-A046-A857C0939B49}.AppStore|ARM.Deploy.0 = Debug|Any CPU
		{37210798-95B1-4161-A046-A857C0939B49}.AppStore|iPhone.ActiveCfg = Debug|Any CPU
		{37210798-95B1-4161-A046-A857C0939B49}.AppStore|iPhone.Build.0 = Debug|Any CPU
		{37210798-95B1-4161-A046-A857C0939B49}.AppStore|iPhone.Deploy.0 = Debug|Any CPU
		{37210798-95B1-4161-A046-A857C0939B49}.AppStore|iPhoneSimulator.ActiveCfg = Debug|Any CPU
		{37210798-95B1-4161-A046-A857C0939B49}.AppStore|iPhoneSimulator.Build.0 = Debug|Any CPU
		{37210798-95B1-4161-A046-A857C0939B49}.AppStore|iPhoneSimulator.Deploy.0 = Debug|Any CPU
		{37210798-95B1-4161-A046-A857C0939B49}.AppStore|x64.ActiveCfg = Debug|Any CPU
		{37210798-95B1-4161-A046-A857C0939B49}.AppStore|x64.Build.0 = Debug|Any CPU
		{37210798-95B1-4161-A046-A857C0939B49}.AppStore|x64.Deploy.0 = Debug|Any CPU
		{37210798-95B1-4161-A046-A857C0939B49}.AppStore|x86.ActiveCfg = Debug|Any CPU
		{37210798-95B1-4161-A046-A857C0939B49}.AppStore|x86.Build.0 = Debug|Any CPU
		{37210798-95B1-4161-A046-A857C0939B49}.AppStore|x86.Deploy.0 = Debug|Any CPU
		{37210798-95B1-4161-A046-A857C0939B49}.Debug|Any CPU.ActiveCfg = Debug|Any CPU
		{37210798-95B1-4161-A046-A857C0939B49}.Debug|Any CPU.Build.0 = Debug|Any CPU
		{37210798-95B1-4161-A046-A857C0939B49}.Debug|Any CPU.Deploy.0 = Debug|Any CPU
		{37210798-95B1-4161-A046-A857C0939B49}.Debug|ARM.ActiveCfg = Debug|Any CPU
		{37210798-95B1-4161-A046-A857C0939B49}.Debug|ARM.Build.0 = Debug|Any CPU
		{37210798-95B1-4161-A046-A857C0939B49}.Debug|ARM.Deploy.0 = Debug|Any CPU
		{37210798-95B1-4161-A046-A857C0939B49}.Debug|iPhone.ActiveCfg = Debug|Any CPU
		{37210798-95B1-4161-A046-A857C0939B49}.Debug|iPhone.Build.0 = Debug|Any CPU
		{37210798-95B1-4161-A046-A857C0939B49}.Debug|iPhone.Deploy.0 = Debug|Any CPU
		{37210798-95B1-4161-A046-A857C0939B49}.Debug|iPhoneSimulator.ActiveCfg = Debug|Any CPU
		{37210798-95B1-4161-A046-A857C0939B49}.Debug|iPhoneSimulator.Build.0 = Debug|Any CPU
		{37210798-95B1-4161-A046-A857C0939B49}.Debug|iPhoneSimulator.Deploy.0 = Debug|Any CPU
		{37210798-95B1-4161-A046-A857C0939B49}.Debug|x64.ActiveCfg = Debug|Any CPU
		{37210798-95B1-4161-A046-A857C0939B49}.Debug|x64.Build.0 = Debug|Any CPU
		{37210798-95B1-4161-A046-A857C0939B49}.Debug|x64.Deploy.0 = Debug|Any CPU
		{37210798-95B1-4161-A046-A857C0939B49}.Debug|x86.ActiveCfg = Debug|Any CPU
		{37210798-95B1-4161-A046-A857C0939B49}.Debug|x86.Build.0 = Debug|Any CPU
		{37210798-95B1-4161-A046-A857C0939B49}.Debug|x86.Deploy.0 = Debug|Any CPU
		{37210798-95B1-4161-A046-A857C0939B49}.Release|Any CPU.ActiveCfg = Release|Any CPU
		{37210798-95B1-4161-A046-A857C0939B49}.Release|Any CPU.Build.0 = Release|Any CPU
		{37210798-95B1-4161-A046-A857C0939B49}.Release|Any CPU.Deploy.0 = Release|Any CPU
		{37210798-95B1-4161-A046-A857C0939B49}.Release|ARM.ActiveCfg = Release|Any CPU
		{37210798-95B1-4161-A046-A857C0939B49}.Release|ARM.Build.0 = Release|Any CPU
		{37210798-95B1-4161-A046-A857C0939B49}.Release|ARM.Deploy.0 = Release|Any CPU
		{37210798-95B1-4161-A046-A857C0939B49}.Release|iPhone.ActiveCfg = Release|Any CPU
		{37210798-95B1-4161-A046-A857C0939B49}.Release|iPhone.Build.0 = Release|Any CPU
		{37210798-95B1-4161-A046-A857C0939B49}.Release|iPhone.Deploy.0 = Release|Any CPU
		{37210798-95B1-4161-A046-A857C0939B49}.Release|iPhoneSimulator.ActiveCfg = Release|Any CPU
		{37210798-95B1-4161-A046-A857C0939B49}.Release|iPhoneSimulator.Build.0 = Release|Any CPU
		{37210798-95B1-4161-A046-A857C0939B49}.Release|iPhoneSimulator.Deploy.0 = Release|Any CPU
		{37210798-95B1-4161-A046-A857C0939B49}.Release|x64.ActiveCfg = Release|Any CPU
		{37210798-95B1-4161-A046-A857C0939B49}.Release|x64.Build.0 = Release|Any CPU
		{37210798-95B1-4161-A046-A857C0939B49}.Release|x64.Deploy.0 = Release|Any CPU
		{37210798-95B1-4161-A046-A857C0939B49}.Release|x86.ActiveCfg = Release|Any CPU
		{37210798-95B1-4161-A046-A857C0939B49}.Release|x86.Build.0 = Release|Any CPU
		{37210798-95B1-4161-A046-A857C0939B49}.Release|x86.Deploy.0 = Release|Any CPU
	EndGlobalSection
	GlobalSection(SolutionProperties) = preSolution
		HideSolutionNode = FALSE
	EndGlobalSection
	GlobalSection(ExtensibilityGlobals) = postSolution
		SolutionGuid = {CC358B0C-B6B0-4222-9982-E63F236F2E04}
	EndGlobalSection
EndGlobal
