
Microsoft Visual Studio Solution File, Format Version 12.00
# Visual Studio 15
VisualStudioVersion = 15.0.28307.572
MinimumVisualStudioVersion = 10.0.40219.1
Project("{FAE04EC0-301F-11D3-BF4B-00C04F79EFBC}") = "ConsultaCep.Android", "ConsultaCep\ConsultaCep.Android\ConsultaCep.Android.csproj", "{F811EF21-70C9-4219-9236-1F9CFAB271FA}"
EndProject
Project("{FAE04EC0-301F-11D3-BF4B-00C04F79EFBC}") = "ConsultaCep.iOS", "ConsultaCep\ConsultaCep.iOS\ConsultaCep.iOS.csproj", "{2427F0DC-B120-45BB-BDE7-D644EC3343F6}"
EndProject
Project("{FAE04EC0-301F-11D3-BF4B-00C04F79EFBC}") = "ConsultaCep.UWP", "ConsultaCep\ConsultaCep.UWP\ConsultaCep.UWP.csproj", "{BEB70C63-482E-4131-819B-207FF1383675}"
EndProject
Project("{FAE04EC0-301F-11D3-BF4B-00C04F79EFBC}") = "ConsultaCep", "ConsultaCep\ConsultaCep\ConsultaCep.csproj", "{E218A38D-C069-499E-892E-8902DC274B2D}"
EndProject
Global
	GlobalSection(SolutionConfigurationPlatforms) = preSolution
		Ad-Hoc|Any CPU = Ad-Hoc|Any CPU
		Ad-Hoc|ARM = Ad-Hoc|ARM
		Ad-Hoc|iPhone = Ad-Hoc|iPhone
		Ad-Hoc|iPhoneSimulator = Ad-Hoc|iPhoneSimulator
		Ad-Hoc|x64 = Ad-Hoc|x64
		Ad-Hoc|x86 = Ad-Hoc|x86
		AppStore|Any CPU = AppStore|Any CPU
		AppStore|ARM = AppStore|ARM
		AppStore|iPhone = AppStore|iPhone
		AppStore|iPhoneSimulator = AppStore|iPhoneSimulator
		AppStore|x64 = AppStore|x64
		AppStore|x86 = AppStore|x86
		Debug|Any CPU = Debug|Any CPU
		Debug|ARM = Debug|ARM
		Debug|iPhone = Debug|iPhone
		Debug|iPhoneSimulator = Debug|iPhoneSimulator
		Debug|x64 = Debug|x64
		Debug|x86 = Debug|x86
		Release|Any CPU = Release|Any CPU
		Release|ARM = Release|ARM
		Release|iPhone = Release|iPhone
		Release|iPhoneSimulator = Release|iPhoneSimulator
		Release|x64 = Release|x64
		Release|x86 = Release|x86
	EndGlobalSection
	GlobalSection(ProjectConfigurationPlatforms) = postSolution
		{F811EF21-70C9-4219-9236-1F9CFAB271FA}.Ad-Hoc|Any CPU.ActiveCfg = Release|Any CPU
		{F811EF21-70C9-4219-9236-1F9CFAB271FA}.Ad-Hoc|Any CPU.Build.0 = Release|Any CPU
		{F811EF21-70C9-4219-9236-1F9CFAB271FA}.Ad-Hoc|Any CPU.Deploy.0 = Release|Any CPU
		{F811EF21-70C9-4219-9236-1F9CFAB271FA}.Ad-Hoc|ARM.ActiveCfg = Release|Any CPU
		{F811EF21-70C9-4219-9236-1F9CFAB271FA}.Ad-Hoc|ARM.Build.0 = Release|Any CPU
		{F811EF21-70C9-4219-9236-1F9CFAB271FA}.Ad-Hoc|ARM.Deploy.0 = Release|Any CPU
		{F811EF21-70C9-4219-9236-1F9CFAB271FA}.Ad-Hoc|iPhone.ActiveCfg = Release|Any CPU
		{F811EF21-70C9-4219-9236-1F9CFAB271FA}.Ad-Hoc|iPhone.Build.0 = Release|Any CPU
		{F811EF21-70C9-4219-9236-1F9CFAB271FA}.Ad-Hoc|iPhone.Deploy.0 = Release|Any CPU
		{F811EF21-70C9-4219-9236-1F9CFAB271FA}.Ad-Hoc|iPhoneSimulator.ActiveCfg = Release|Any CPU
		{F811EF21-70C9-4219-9236-1F9CFAB271FA}.Ad-Hoc|iPhoneSimulator.Build.0 = Release|Any CPU
		{F811EF21-70C9-4219-9236-1F9CFAB271FA}.Ad-Hoc|iPhoneSimulator.Deploy.0 = Release|Any CPU
		{F811EF21-70C9-4219-9236-1F9CFAB271FA}.Ad-Hoc|x64.ActiveCfg = Release|Any CPU
		{F811EF21-70C9-4219-9236-1F9CFAB271FA}.Ad-Hoc|x64.Build.0 = Release|Any CPU
		{F811EF21-70C9-4219-9236-1F9CFAB271FA}.Ad-Hoc|x64.Deploy.0 = Release|Any CPU
		{F811EF21-70C9-4219-9236-1F9CFAB271FA}.Ad-Hoc|x86.ActiveCfg = Release|Any CPU
		{F811EF21-70C9-4219-9236-1F9CFAB271FA}.Ad-Hoc|x86.Build.0 = Release|Any CPU
		{F811EF21-70C9-4219-9236-1F9CFAB271FA}.Ad-Hoc|x86.Deploy.0 = Release|Any CPU
		{F811EF21-70C9-4219-9236-1F9CFAB271FA}.AppStore|Any CPU.ActiveCfg = Release|Any CPU
		{F811EF21-70C9-4219-9236-1F9CFAB271FA}.AppStore|Any CPU.Build.0 = Release|Any CPU
		{F811EF21-70C9-4219-9236-1F9CFAB271FA}.AppStore|Any CPU.Deploy.0 = Release|Any CPU
		{F811EF21-70C9-4219-9236-1F9CFAB271FA}.AppStore|ARM.ActiveCfg = Release|Any CPU
		{F811EF21-70C9-4219-9236-1F9CFAB271FA}.AppStore|ARM.Build.0 = Release|Any CPU
		{F811EF21-70C9-4219-9236-1F9CFAB271FA}.AppStore|ARM.Deploy.0 = Release|Any CPU
		{F811EF21-70C9-4219-9236-1F9CFAB271FA}.AppStore|iPhone.ActiveCfg = Release|Any CPU
		{F811EF21-70C9-4219-9236-1F9CFAB271FA}.AppStore|iPhone.Build.0 = Release|Any CPU
		{F811EF21-70C9-4219-9236-1F9CFAB271FA}.AppStore|iPhone.Deploy.0 = Release|Any CPU
		{F811EF21-70C9-4219-9236-1F9CFAB271FA}.AppStore|iPhoneSimulator.ActiveCfg = Release|Any CPU
		{F811EF21-70C9-4219-9236-1F9CFAB271FA}.AppStore|iPhoneSimulator.Build.0 = Release|Any CPU
		{F811EF21-70C9-4219-9236-1F9CFAB271FA}.AppStore|iPhoneSimulator.Deploy.0 = Release|Any CPU
		{F811EF21-70C9-4219-9236-1F9CFAB271FA}.AppStore|x64.ActiveCfg = Release|Any CPU
		{F811EF21-70C9-4219-9236-1F9CFAB271FA}.AppStore|x64.Build.0 = Release|Any CPU
		{F811EF21-70C9-4219-9236-1F9CFAB271FA}.AppStore|x64.Deploy.0 = Release|Any CPU
		{F811EF21-70C9-4219-9236-1F9CFAB271FA}.AppStore|x86.ActiveCfg = Release|Any CPU
		{F811EF21-70C9-4219-9236-1F9CFAB271FA}.AppStore|x86.Build.0 = Release|Any CPU
		{F811EF21-70C9-4219-9236-1F9CFAB271FA}.AppStore|x86.Deploy.0 = Release|Any CPU
		{F811EF21-70C9-4219-9236-1F9CFAB271FA}.Debug|Any CPU.ActiveCfg = Debug|Any CPU
		{F811EF21-70C9-4219-9236-1F9CFAB271FA}.Debug|Any CPU.Build.0 = Debug|Any CPU
		{F811EF21-70C9-4219-9236-1F9CFAB271FA}.Debug|Any CPU.Deploy.0 = Debug|Any CPU
		{F811EF21-70C9-4219-9236-1F9CFAB271FA}.Debug|ARM.ActiveCfg = Debug|Any CPU
		{F811EF21-70C9-4219-9236-1F9CFAB271FA}.Debug|ARM.Build.0 = Debug|Any CPU
		{F811EF21-70C9-4219-9236-1F9CFAB271FA}.Debug|ARM.Deploy.0 = Debug|Any CPU
		{F811EF21-70C9-4219-9236-1F9CFAB271FA}.Debug|iPhone.ActiveCfg = Debug|Any CPU
		{F811EF21-70C9-4219-9236-1F9CFAB271FA}.Debug|iPhone.Build.0 = Debug|Any CPU
		{F811EF21-70C9-4219-9236-1F9CFAB271FA}.Debug|iPhone.Deploy.0 = Debug|Any CPU
		{F811EF21-70C9-4219-9236-1F9CFAB271FA}.Debug|iPhoneSimulator.ActiveCfg = Debug|Any CPU
		{F811EF21-70C9-4219-9236-1F9CFAB271FA}.Debug|iPhoneSimulator.Build.0 = Debug|Any CPU
		{F811EF21-70C9-4219-9236-1F9CFAB271FA}.Debug|iPhoneSimulator.Deploy.0 = Debug|Any CPU
		{F811EF21-70C9-4219-9236-1F9CFAB271FA}.Debug|x64.ActiveCfg = Debug|Any CPU
		{F811EF21-70C9-4219-9236-1F9CFAB271FA}.Debug|x64.Build.0 = Debug|Any CPU
		{F811EF21-70C9-4219-9236-1F9CFAB271FA}.Debug|x64.Deploy.0 = Debug|Any CPU
		{F811EF21-70C9-4219-9236-1F9CFAB271FA}.Debug|x86.ActiveCfg = Debug|Any CPU
		{F811EF21-70C9-4219-9236-1F9CFAB271FA}.Debug|x86.Build.0 = Debug|Any CPU
		{F811EF21-70C9-4219-9236-1F9CFAB271FA}.Debug|x86.Deploy.0 = Debug|Any CPU
		{F811EF21-70C9-4219-9236-1F9CFAB271FA}.Release|Any CPU.ActiveCfg = Release|Any CPU
		{F811EF21-70C9-4219-9236-1F9CFAB271FA}.Release|Any CPU.Build.0 = Release|Any CPU
		{F811EF21-70C9-4219-9236-1F9CFAB271FA}.Release|Any CPU.Deploy.0 = Release|Any CPU
		{F811EF21-70C9-4219-9236-1F9CFAB271FA}.Release|ARM.ActiveCfg = Release|Any CPU
		{F811EF21-70C9-4219-9236-1F9CFAB271FA}.Release|ARM.Build.0 = Release|Any CPU
		{F811EF21-70C9-4219-9236-1F9CFAB271FA}.Release|ARM.Deploy.0 = Release|Any CPU
		{F811EF21-70C9-4219-9236-1F9CFAB271FA}.Release|iPhone.ActiveCfg = Release|Any CPU
		{F811EF21-70C9-4219-9236-1F9CFAB271FA}.Release|iPhone.Build.0 = Release|Any CPU
		{F811EF21-70C9-4219-9236-1F9CFAB271FA}.Release|iPhone.Deploy.0 = Release|Any CPU
		{F811EF21-70C9-4219-9236-1F9CFAB271FA}.Release|iPhoneSimulator.ActiveCfg = Release|Any CPU
		{F811EF21-70C9-4219-9236-1F9CFAB271FA}.Release|iPhoneSimulator.Build.0 = Release|Any CPU
		{F811EF21-70C9-4219-9236-1F9CFAB271FA}.Release|iPhoneSimulator.Deploy.0 = Release|Any CPU
		{F811EF21-70C9-4219-9236-1F9CFAB271FA}.Release|x64.ActiveCfg = Release|Any CPU
		{F811EF21-70C9-4219-9236-1F9CFAB271FA}.Release|x64.Build.0 = Release|Any CPU
		{F811EF21-70C9-4219-9236-1F9CFAB271FA}.Release|x64.Deploy.0 = Release|Any CPU
		{F811EF21-70C9-4219-9236-1F9CFAB271FA}.Release|x86.ActiveCfg = Release|Any CPU
		{F811EF21-70C9-4219-9236-1F9CFAB271FA}.Release|x86.Build.0 = Release|Any CPU
		{F811EF21-70C9-4219-9236-1F9CFAB271FA}.Release|x86.Deploy.0 = Release|Any CPU
		{2427F0DC-B120-45BB-BDE7-D644EC3343F6}.Ad-Hoc|Any CPU.ActiveCfg = Ad-Hoc|iPhone
		{2427F0DC-B120-45BB-BDE7-D644EC3343F6}.Ad-Hoc|Any CPU.Build.0 = Ad-Hoc|iPhone
		{2427F0DC-B120-45BB-BDE7-D644EC3343F6}.Ad-Hoc|Any CPU.Deploy.0 = Ad-Hoc|iPhone
		{2427F0DC-B120-45BB-BDE7-D644EC3343F6}.Ad-Hoc|ARM.ActiveCfg = Ad-Hoc|iPhone
		{2427F0DC-B120-45BB-BDE7-D644EC3343F6}.Ad-Hoc|ARM.Build.0 = Ad-Hoc|iPhone
		{2427F0DC-B120-45BB-BDE7-D644EC3343F6}.Ad-Hoc|ARM.Deploy.0 = Ad-Hoc|iPhone
		{2427F0DC-B120-45BB-BDE7-D644EC3343F6}.Ad-Hoc|iPhone.ActiveCfg = Ad-Hoc|iPhone
		{2427F0DC-B120-45BB-BDE7-D644EC3343F6}.Ad-Hoc|iPhone.Build.0 = Ad-Hoc|iPhone
		{2427F0DC-B120-45BB-BDE7-D644EC3343F6}.Ad-Hoc|iPhone.Deploy.0 = Ad-Hoc|iPhone
		{2427F0DC-B120-45BB-BDE7-D644EC3343F6}.Ad-Hoc|iPhoneSimulator.ActiveCfg = Ad-Hoc|iPhoneSimulator
		{2427F0DC-B120-45BB-BDE7-D644EC3343F6}.Ad-Hoc|iPhoneSimulator.Build.0 = Ad-Hoc|iPhoneSimulator
		{2427F0DC-B120-45BB-BDE7-D644EC3343F6}.Ad-Hoc|iPhoneSimulator.Deploy.0 = Ad-Hoc|iPhoneSimulator
		{2427F0DC-B120-45BB-BDE7-D644EC3343F6}.Ad-Hoc|x64.ActiveCfg = Ad-Hoc|iPhone
		{2427F0DC-B120-45BB-BDE7-D644EC3343F6}.Ad-Hoc|x64.Build.0 = Ad-Hoc|iPhone
		{2427F0DC-B120-45BB-BDE7-D644EC3343F6}.Ad-Hoc|x64.Deploy.0 = Ad-Hoc|iPhone
		{2427F0DC-B120-45BB-BDE7-D644EC3343F6}.Ad-Hoc|x86.ActiveCfg = Ad-Hoc|iPhone
		{2427F0DC-B120-45BB-BDE7-D644EC3343F6}.Ad-Hoc|x86.Build.0 = Ad-Hoc|iPhone
		{2427F0DC-B120-45BB-BDE7-D644EC3343F6}.Ad-Hoc|x86.Deploy.0 = Ad-Hoc|iPhone
		{2427F0DC-B120-45BB-BDE7-D644EC3343F6}.AppStore|Any CPU.ActiveCfg = AppStore|iPhone
		{2427F0DC-B120-45BB-BDE7-D644EC3343F6}.AppStore|Any CPU.Build.0 = AppStore|iPhone
		{2427F0DC-B120-45BB-BDE7-D644EC3343F6}.AppStore|Any CPU.Deploy.0 = AppStore|iPhone
		{2427F0DC-B120-45BB-BDE7-D644EC3343F6}.AppStore|ARM.ActiveCfg = AppStore|iPhone
		{2427F0DC-B120-45BB-BDE7-D644EC3343F6}.AppStore|ARM.Build.0 = AppStore|iPhone
		{2427F0DC-B120-45BB-BDE7-D644EC3343F6}.AppStore|ARM.Deploy.0 = AppStore|iPhone
		{2427F0DC-B120-45BB-BDE7-D644EC3343F6}.AppStore|iPhone.ActiveCfg = AppStore|iPhone
		{2427F0DC-B120-45BB-BDE7-D644EC3343F6}.AppStore|iPhone.Build.0 = AppStore|iPhone
		{2427F0DC-B120-45BB-BDE7-D644EC3343F6}.AppStore|iPhone.Deploy.0 = AppStore|iPhone
		{2427F0DC-B120-45BB-BDE7-D644EC3343F6}.AppStore|iPhoneSimulator.ActiveCfg = AppStore|iPhoneSimulator
		{2427F0DC-B120-45BB-BDE7-D644EC3343F6}.AppStore|iPhoneSimulator.Build.0 = AppStore|iPhoneSimulator
		{2427F0DC-B120-45BB-BDE7-D644EC3343F6}.AppStore|iPhoneSimulator.Deploy.0 = AppStore|iPhoneSimulator
		{2427F0DC-B120-45BB-BDE7-D644EC3343F6}.AppStore|x64.ActiveCfg = AppStore|iPhone
		{2427F0DC-B120-45BB-BDE7-D644EC3343F6}.AppStore|x64.Build.0 = AppStore|iPhone
		{2427F0DC-B120-45BB-BDE7-D644EC3343F6}.AppStore|x64.Deploy.0 = AppStore|iPhone
		{2427F0DC-B120-45BB-BDE7-D644EC3343F6}.AppStore|x86.ActiveCfg = AppStore|iPhone
		{2427F0DC-B120-45BB-BDE7-D644EC3343F6}.AppStore|x86.Build.0 = AppStore|iPhone
		{2427F0DC-B120-45BB-BDE7-D644EC3343F6}.AppStore|x86.Deploy.0 = AppStore|iPhone
		{2427F0DC-B120-45BB-BDE7-D644EC3343F6}.Debug|Any CPU.ActiveCfg = Debug|iPhoneSimulator
		{2427F0DC-B120-45BB-BDE7-D644EC3343F6}.Debug|Any CPU.Build.0 = Debug|iPhoneSimulator
		{2427F0DC-B120-45BB-BDE7-D644EC3343F6}.Debug|Any CPU.Deploy.0 = Debug|iPhoneSimulator
		{2427F0DC-B120-45BB-BDE7-D644EC3343F6}.Debug|ARM.ActiveCfg = Debug|iPhone
		{2427F0DC-B120-45BB-BDE7-D644EC3343F6}.Debug|ARM.Build.0 = Debug|iPhone
		{2427F0DC-B120-45BB-BDE7-D644EC3343F6}.Debug|ARM.Deploy.0 = Debug|iPhone
		{2427F0DC-B120-45BB-BDE7-D644EC3343F6}.Debug|iPhone.ActiveCfg = Debug|iPhone
		{2427F0DC-B120-45BB-BDE7-D644EC3343F6}.Debug|iPhone.Build.0 = Debug|iPhone
		{2427F0DC-B120-45BB-BDE7-D644EC3343F6}.Debug|iPhone.Deploy.0 = Debug|iPhone
		{2427F0DC-B120-45BB-BDE7-D644EC3343F6}.Debug|iPhoneSimulator.ActiveCfg = Debug|iPhoneSimulator
		{2427F0DC-B120-45BB-BDE7-D644EC3343F6}.Debug|iPhoneSimulator.Build.0 = Debug|iPhoneSimulator
		{2427F0DC-B120-45BB-BDE7-D644EC3343F6}.Debug|iPhoneSimulator.Deploy.0 = Debug|iPhoneSimulator
		{2427F0DC-B120-45BB-BDE7-D644EC3343F6}.Debug|x64.ActiveCfg = Debug|iPhone
		{2427F0DC-B120-45BB-BDE7-D644EC3343F6}.Debug|x64.Build.0 = Debug|iPhone
		{2427F0DC-B120-45BB-BDE7-D644EC3343F6}.Debug|x64.Deploy.0 = Debug|iPhone
		{2427F0DC-B120-45BB-BDE7-D644EC3343F6}.Debug|x86.ActiveCfg = Debug|iPhone
		{2427F0DC-B120-45BB-BDE7-D644EC3343F6}.Debug|x86.Build.0 = Debug|iPhone
		{2427F0DC-B120-45BB-BDE7-D644EC3343F6}.Debug|x86.Deploy.0 = Debug|iPhone
		{2427F0DC-B120-45BB-BDE7-D644EC3343F6}.Release|Any CPU.ActiveCfg = Release|iPhone
		{2427F0DC-B120-45BB-BDE7-D644EC3343F6}.Release|Any CPU.Build.0 = Release|iPhone
		{2427F0DC-B120-45BB-BDE7-D644EC3343F6}.Release|Any CPU.Deploy.0 = Release|iPhone
		{2427F0DC-B120-45BB-BDE7-D644EC3343F6}.Release|ARM.ActiveCfg = Release|iPhone
		{2427F0DC-B120-45BB-BDE7-D644EC3343F6}.Release|ARM.Build.0 = Release|iPhone
		{2427F0DC-B120-45BB-BDE7-D644EC3343F6}.Release|ARM.Deploy.0 = Release|iPhone
		{2427F0DC-B120-45BB-BDE7-D644EC3343F6}.Release|iPhone.ActiveCfg = Release|iPhone
		{2427F0DC-B120-45BB-BDE7-D644EC3343F6}.Release|iPhone.Build.0 = Release|iPhone
		{2427F0DC-B120-45BB-BDE7-D644EC3343F6}.Release|iPhone.Deploy.0 = Release|iPhone
		{2427F0DC-B120-45BB-BDE7-D644EC3343F6}.Release|iPhoneSimulator.ActiveCfg = Release|iPhoneSimulator
		{2427F0DC-B120-45BB-BDE7-D644EC3343F6}.Release|iPhoneSimulator.Build.0 = Release|iPhoneSimulator
		{2427F0DC-B120-45BB-BDE7-D644EC3343F6}.Release|iPhoneSimulator.Deploy.0 = Release|iPhoneSimulator
		{2427F0DC-B120-45BB-BDE7-D644EC3343F6}.Release|x64.ActiveCfg = Release|iPhone
		{2427F0DC-B120-45BB-BDE7-D644EC3343F6}.Release|x64.Build.0 = Release|iPhone
		{2427F0DC-B120-45BB-BDE7-D644EC3343F6}.Release|x64.Deploy.0 = Release|iPhone
		{2427F0DC-B120-45BB-BDE7-D644EC3343F6}.Release|x86.ActiveCfg = Release|iPhone
		{2427F0DC-B120-45BB-BDE7-D644EC3343F6}.Release|x86.Build.0 = Release|iPhone
		{2427F0DC-B120-45BB-BDE7-D644EC3343F6}.Release|x86.Deploy.0 = Release|iPhone
		{BEB70C63-482E-4131-819B-207FF1383675}.Ad-Hoc|Any CPU.ActiveCfg = Release|x86
		{BEB70C63-482E-4131-819B-207FF1383675}.Ad-Hoc|Any CPU.Build.0 = Release|x86
		{BEB70C63-482E-4131-819B-207FF1383675}.Ad-Hoc|Any CPU.Deploy.0 = Release|x86
		{BEB70C63-482E-4131-819B-207FF1383675}.Ad-Hoc|ARM.ActiveCfg = Release|ARM
		{BEB70C63-482E-4131-819B-207FF1383675}.Ad-Hoc|ARM.Build.0 = Release|ARM
		{BEB70C63-482E-4131-819B-207FF1383675}.Ad-Hoc|ARM.Deploy.0 = Release|ARM
		{BEB70C63-482E-4131-819B-207FF1383675}.Ad-Hoc|iPhone.ActiveCfg = Release|x86
		{BEB70C63-482E-4131-819B-207FF1383675}.Ad-Hoc|iPhone.Build.0 = Release|x86
		{BEB70C63-482E-4131-819B-207FF1383675}.Ad-Hoc|iPhone.Deploy.0 = Release|x86
		{BEB70C63-482E-4131-819B-207FF1383675}.Ad-Hoc|iPhoneSimulator.ActiveCfg = Release|x86
		{BEB70C63-482E-4131-819B-207FF1383675}.Ad-Hoc|iPhoneSimulator.Build.0 = Release|x86
		{BEB70C63-482E-4131-819B-207FF1383675}.Ad-Hoc|iPhoneSimulator.Deploy.0 = Release|x86
		{BEB70C63-482E-4131-819B-207FF1383675}.Ad-Hoc|x64.ActiveCfg = Release|x64
		{BEB70C63-482E-4131-819B-207FF1383675}.Ad-Hoc|x64.Build.0 = Release|x64
		{BEB70C63-482E-4131-819B-207FF1383675}.Ad-Hoc|x64.Deploy.0 = Release|x64
		{BEB70C63-482E-4131-819B-207FF1383675}.Ad-Hoc|x86.ActiveCfg = Release|x86
		{BEB70C63-482E-4131-819B-207FF1383675}.Ad-Hoc|x86.Build.0 = Release|x86
		{BEB70C63-482E-4131-819B-207FF1383675}.Ad-Hoc|x86.Deploy.0 = Release|x86
		{BEB70C63-482E-4131-819B-207FF1383675}.AppStore|Any CPU.ActiveCfg = Release|x86
		{BEB70C63-482E-4131-819B-207FF1383675}.AppStore|Any CPU.Build.0 = Release|x86
		{BEB70C63-482E-4131-819B-207FF1383675}.AppStore|Any CPU.Deploy.0 = Release|x86
		{BEB70C63-482E-4131-819B-207FF1383675}.AppStore|ARM.ActiveCfg = Release|ARM
		{BEB70C63-482E-4131-819B-207FF1383675}.AppStore|ARM.Build.0 = Release|ARM
		{BEB70C63-482E-4131-819B-207FF1383675}.AppStore|ARM.Deploy.0 = Release|ARM
		{BEB70C63-482E-4131-819B-207FF1383675}.AppStore|iPhone.ActiveCfg = Release|x86
		{BEB70C63-482E-4131-819B-207FF1383675}.AppStore|iPhone.Build.0 = Release|x86
		{BEB70C63-482E-4131-819B-207FF1383675}.AppStore|iPhone.Deploy.0 = Release|x86
		{BEB70C63-482E-4131-819B-207FF1383675}.AppStore|iPhoneSimulator.ActiveCfg = Release|x86
		{BEB70C63-482E-4131-819B-207FF1383675}.AppStore|iPhoneSimulator.Build.0 = Release|x86
		{BEB70C63-482E-4131-819B-207FF1383675}.AppStore|iPhoneSimulator.Deploy.0 = Release|x86
		{BEB70C63-482E-4131-819B-207FF1383675}.AppStore|x64.ActiveCfg = Release|x64
		{BEB70C63-482E-4131-819B-207FF1383675}.AppStore|x64.Build.0 = Release|x64
		{BEB70C63-482E-4131-819B-207FF1383675}.AppStore|x64.Deploy.0 = Release|x64
		{BEB70C63-482E-4131-819B-207FF1383675}.AppStore|x86.ActiveCfg = Release|x86
		{BEB70C63-482E-4131-819B-207FF1383675}.AppStore|x86.Build.0 = Release|x86
		{BEB70C63-482E-4131-819B-207FF1383675}.AppStore|x86.Deploy.0 = Release|x86
		{BEB70C63-482E-4131-819B-207FF1383675}.Debug|Any CPU.ActiveCfg = Debug|x86
		{BEB70C63-482E-4131-819B-207FF1383675}.Debug|Any CPU.Build.0 = Debug|x86
		{BEB70C63-482E-4131-819B-207FF1383675}.Debug|Any CPU.Deploy.0 = Debug|x86
		{BEB70C63-482E-4131-819B-207FF1383675}.Debug|ARM.ActiveCfg = Debug|ARM
		{BEB70C63-482E-4131-819B-207FF1383675}.Debug|ARM.Build.0 = Debug|ARM
		{BEB70C63-482E-4131-819B-207FF1383675}.Debug|ARM.Deploy.0 = Debug|ARM
		{BEB70C63-482E-4131-819B-207FF1383675}.Debug|iPhone.ActiveCfg = Debug|x86
		{BEB70C63-482E-4131-819B-207FF1383675}.Debug|iPhone.Build.0 = Debug|x86
		{BEB70C63-482E-4131-819B-207FF1383675}.Debug|iPhone.Deploy.0 = Debug|x86
		{BEB70C63-482E-4131-819B-207FF1383675}.Debug|iPhoneSimulator.ActiveCfg = Debug|x86
		{BEB70C63-482E-4131-819B-207FF1383675}.Debug|iPhoneSimulator.Build.0 = Debug|x86
		{BEB70C63-482E-4131-819B-207FF1383675}.Debug|iPhoneSimulator.Deploy.0 = Debug|x86
		{BEB70C63-482E-4131-819B-207FF1383675}.Debug|x64.ActiveCfg = Debug|x64
		{BEB70C63-482E-4131-819B-207FF1383675}.Debug|x64.Build.0 = Debug|x64
		{BEB70C63-482E-4131-819B-207FF1383675}.Debug|x64.Deploy.0 = Debug|x64
		{BEB70C63-482E-4131-819B-207FF1383675}.Debug|x86.ActiveCfg = Debug|x86
		{BEB70C63-482E-4131-819B-207FF1383675}.Debug|x86.Build.0 = Debug|x86
		{BEB70C63-482E-4131-819B-207FF1383675}.Debug|x86.Deploy.0 = Debug|x86
		{BEB70C63-482E-4131-819B-207FF1383675}.Release|Any CPU.ActiveCfg = Release|x86
		{BEB70C63-482E-4131-819B-207FF1383675}.Release|Any CPU.Build.0 = Release|x86
		{BEB70C63-482E-4131-819B-207FF1383675}.Release|Any CPU.Deploy.0 = Release|x86
		{BEB70C63-482E-4131-819B-207FF1383675}.Release|ARM.ActiveCfg = Release|ARM
		{BEB70C63-482E-4131-819B-207FF1383675}.Release|ARM.Build.0 = Release|ARM
		{BEB70C63-482E-4131-819B-207FF1383675}.Release|ARM.Deploy.0 = Release|ARM
		{BEB70C63-482E-4131-819B-207FF1383675}.Release|iPhone.ActiveCfg = Release|x86
		{BEB70C63-482E-4131-819B-207FF1383675}.Release|iPhone.Build.0 = Release|x86
		{BEB70C63-482E-4131-819B-207FF1383675}.Release|iPhone.Deploy.0 = Release|x86
		{BEB70C63-482E-4131-819B-207FF1383675}.Release|iPhoneSimulator.ActiveCfg = Release|x86
		{BEB70C63-482E-4131-819B-207FF1383675}.Release|iPhoneSimulator.Build.0 = Release|x86
		{BEB70C63-482E-4131-819B-207FF1383675}.Release|iPhoneSimulator.Deploy.0 = Release|x86
		{BEB70C63-482E-4131-819B-207FF1383675}.Release|x64.ActiveCfg = Release|x64
		{BEB70C63-482E-4131-819B-207FF1383675}.Release|x64.Build.0 = Release|x64
		{BEB70C63-482E-4131-819B-207FF1383675}.Release|x64.Deploy.0 = Release|x64
		{BEB70C63-482E-4131-819B-207FF1383675}.Release|x86.ActiveCfg = Release|x86
		{BEB70C63-482E-4131-819B-207FF1383675}.Release|x86.Build.0 = Release|x86
		{BEB70C63-482E-4131-819B-207FF1383675}.Release|x86.Deploy.0 = Release|x86
		{E218A38D-C069-499E-892E-8902DC274B2D}.Ad-Hoc|Any CPU.ActiveCfg = Debug|Any CPU
		{E218A38D-C069-499E-892E-8902DC274B2D}.Ad-Hoc|Any CPU.Build.0 = Debug|Any CPU
		{E218A38D-C069-499E-892E-8902DC274B2D}.Ad-Hoc|Any CPU.Deploy.0 = Debug|Any CPU
		{E218A38D-C069-499E-892E-8902DC274B2D}.Ad-Hoc|ARM.ActiveCfg = Debug|Any CPU
		{E218A38D-C069-499E-892E-8902DC274B2D}.Ad-Hoc|ARM.Build.0 = Debug|Any CPU
		{E218A38D-C069-499E-892E-8902DC274B2D}.Ad-Hoc|ARM.Deploy.0 = Debug|Any CPU
		{E218A38D-C069-499E-892E-8902DC274B2D}.Ad-Hoc|iPhone.ActiveCfg = Debug|Any CPU
		{E218A38D-C069-499E-892E-8902DC274B2D}.Ad-Hoc|iPhone.Build.0 = Debug|Any CPU
		{E218A38D-C069-499E-892E-8902DC274B2D}.Ad-Hoc|iPhone.Deploy.0 = Debug|Any CPU
		{E218A38D-C069-499E-892E-8902DC274B2D}.Ad-Hoc|iPhoneSimulator.ActiveCfg = Debug|Any CPU
		{E218A38D-C069-499E-892E-8902DC274B2D}.Ad-Hoc|iPhoneSimulator.Build.0 = Debug|Any CPU
		{E218A38D-C069-499E-892E-8902DC274B2D}.Ad-Hoc|iPhoneSimulator.Deploy.0 = Debug|Any CPU
		{E218A38D-C069-499E-892E-8902DC274B2D}.Ad-Hoc|x64.ActiveCfg = Debug|Any CPU
		{E218A38D-C069-499E-892E-8902DC274B2D}.Ad-Hoc|x64.Build.0 = Debug|Any CPU
		{E218A38D-C069-499E-892E-8902DC274B2D}.Ad-Hoc|x64.Deploy.0 = Debug|Any CPU
		{E218A38D-C069-499E-892E-8902DC274B2D}.Ad-Hoc|x86.ActiveCfg = Debug|Any CPU
		{E218A38D-C069-499E-892E-8902DC274B2D}.Ad-Hoc|x86.Build.0 = Debug|Any CPU
		{E218A38D-C069-499E-892E-8902DC274B2D}.Ad-Hoc|x86.Deploy.0 = Debug|Any CPU
		{E218A38D-C069-499E-892E-8902DC274B2D}.AppStore|Any CPU.ActiveCfg = Debug|Any CPU
		{E218A38D-C069-499E-892E-8902DC274B2D}.AppStore|Any CPU.Build.0 = Debug|Any CPU
		{E218A38D-C069-499E-892E-8902DC274B2D}.AppStore|Any CPU.Deploy.0 = Debug|Any CPU
		{E218A38D-C069-499E-892E-8902DC274B2D}.AppStore|ARM.ActiveCfg = Debug|Any CPU
		{E218A38D-C069-499E-892E-8902DC274B2D}.AppStore|ARM.Build.0 = Debug|Any CPU
		{E218A38D-C069-499E-892E-8902DC274B2D}.AppStore|ARM.Deploy.0 = Debug|Any CPU
		{E218A38D-C069-499E-892E-8902DC274B2D}.AppStore|iPhone.ActiveCfg = Debug|Any CPU
		{E218A38D-C069-499E-892E-8902DC274B2D}.AppStore|iPhone.Build.0 = Debug|Any CPU
		{E218A38D-C069-499E-892E-8902DC274B2D}.AppStore|iPhone.Deploy.0 = Debug|Any CPU
		{E218A38D-C069-499E-892E-8902DC274B2D}.AppStore|iPhoneSimulator.ActiveCfg = Debug|Any CPU
		{E218A38D-C069-499E-892E-8902DC274B2D}.AppStore|iPhoneSimulator.Build.0 = Debug|Any CPU
		{E218A38D-C069-499E-892E-8902DC274B2D}.AppStore|iPhoneSimulator.Deploy.0 = Debug|Any CPU
		{E218A38D-C069-499E-892E-8902DC274B2D}.AppStore|x64.ActiveCfg = Debug|Any CPU
		{E218A38D-C069-499E-892E-8902DC274B2D}.AppStore|x64.Build.0 = Debug|Any CPU
		{E218A38D-C069-499E-892E-8902DC274B2D}.AppStore|x64.Deploy.0 = Debug|Any CPU
		{E218A38D-C069-499E-892E-8902DC274B2D}.AppStore|x86.ActiveCfg = Debug|Any CPU
		{E218A38D-C069-499E-892E-8902DC274B2D}.AppStore|x86.Build.0 = Debug|Any CPU
		{E218A38D-C069-499E-892E-8902DC274B2D}.AppStore|x86.Deploy.0 = Debug|Any CPU
		{E218A38D-C069-499E-892E-8902DC274B2D}.Debug|Any CPU.ActiveCfg = Debug|Any CPU
		{E218A38D-C069-499E-892E-8902DC274B2D}.Debug|Any CPU.Build.0 = Debug|Any CPU
		{E218A38D-C069-499E-892E-8902DC274B2D}.Debug|Any CPU.Deploy.0 = Debug|Any CPU
		{E218A38D-C069-499E-892E-8902DC274B2D}.Debug|ARM.ActiveCfg = Debug|Any CPU
		{E218A38D-C069-499E-892E-8902DC274B2D}.Debug|ARM.Build.0 = Debug|Any CPU
		{E218A38D-C069-499E-892E-8902DC274B2D}.Debug|ARM.Deploy.0 = Debug|Any CPU
		{E218A38D-C069-499E-892E-8902DC274B2D}.Debug|iPhone.ActiveCfg = Debug|Any CPU
		{E218A38D-C069-499E-892E-8902DC274B2D}.Debug|iPhone.Build.0 = Debug|Any CPU
		{E218A38D-C069-499E-892E-8902DC274B2D}.Debug|iPhone.Deploy.0 = Debug|Any CPU
		{E218A38D-C069-499E-892E-8902DC274B2D}.Debug|iPhoneSimulator.ActiveCfg = Debug|Any CPU
		{E218A38D-C069-499E-892E-8902DC274B2D}.Debug|iPhoneSimulator.Build.0 = Debug|Any CPU
		{E218A38D-C069-499E-892E-8902DC274B2D}.Debug|iPhoneSimulator.Deploy.0 = Debug|Any CPU
		{E218A38D-C069-499E-892E-8902DC274B2D}.Debug|x64.ActiveCfg = Debug|Any CPU
		{E218A38D-C069-499E-892E-8902DC274B2D}.Debug|x64.Build.0 = Debug|Any CPU
		{E218A38D-C069-499E-892E-8902DC274B2D}.Debug|x64.Deploy.0 = Debug|Any CPU
		{E218A38D-C069-499E-892E-8902DC274B2D}.Debug|x86.ActiveCfg = Debug|Any CPU
		{E218A38D-C069-499E-892E-8902DC274B2D}.Debug|x86.Build.0 = Debug|Any CPU
		{E218A38D-C069-499E-892E-8902DC274B2D}.Debug|x86.Deploy.0 = Debug|Any CPU
		{E218A38D-C069-499E-892E-8902DC274B2D}.Release|Any CPU.ActiveCfg = Release|Any CPU
		{E218A38D-C069-499E-892E-8902DC274B2D}.Release|Any CPU.Build.0 = Release|Any CPU
		{E218A38D-C069-499E-892E-8902DC274B2D}.Release|Any CPU.Deploy.0 = Release|Any CPU
		{E218A38D-C069-499E-892E-8902DC274B2D}.Release|ARM.ActiveCfg = Release|Any CPU
		{E218A38D-C069-499E-892E-8902DC274B2D}.Release|ARM.Build.0 = Release|Any CPU
		{E218A38D-C069-499E-892E-8902DC274B2D}.Release|ARM.Deploy.0 = Release|Any CPU
		{E218A38D-C069-499E-892E-8902DC274B2D}.Release|iPhone.ActiveCfg = Release|Any CPU
		{E218A38D-C069-499E-892E-8902DC274B2D}.Release|iPhone.Build.0 = Release|Any CPU
		{E218A38D-C069-499E-892E-8902DC274B2D}.Release|iPhone.Deploy.0 = Release|Any CPU
		{E218A38D-C069-499E-892E-8902DC274B2D}.Release|iPhoneSimulator.ActiveCfg = Release|Any CPU
		{E218A38D-C069-499E-892E-8902DC274B2D}.Release|iPhoneSimulator.Build.0 = Release|Any CPU
		{E218A38D-C069-499E-892E-8902DC274B2D}.Release|iPhoneSimulator.Deploy.0 = Release|Any CPU
		{E218A38D-C069-499E-892E-8902DC274B2D}.Release|x64.ActiveCfg = Release|Any CPU
		{E218A38D-C069-499E-892E-8902DC274B2D}.Release|x64.Build.0 = Release|Any CPU
		{E218A38D-C069-499E-892E-8902DC274B2D}.Release|x64.Deploy.0 = Release|Any CPU
		{E218A38D-C069-499E-892E-8902DC274B2D}.Release|x86.ActiveCfg = Release|Any CPU
		{E218A38D-C069-499E-892E-8902DC274B2D}.Release|x86.Build.0 = Release|Any CPU
		{E218A38D-C069-499E-892E-8902DC274B2D}.Release|x86.Deploy.0 = Release|Any CPU
	EndGlobalSection
	GlobalSection(SolutionProperties) = preSolution
		HideSolutionNode = FALSE
	EndGlobalSection
	GlobalSection(ExtensibilityGlobals) = postSolution
		SolutionGuid = {E4ACEBD2-A644-4A8B-8EB6-F85DCE55F3C0}
	EndGlobalSection
EndGlobal
