
Microsoft Visual Studio Solution File, Format Version 12.00
# Visual Studio 15
VisualStudioVersion = 15.0.28307.572
MinimumVisualStudioVersion = 10.0.40219.1
Project("{FAE04EC0-301F-11D3-BF4B-00C04F79EFBC}") = "App_Tabbet.Android", "App_Tabbet\App_Tabbet.Android\App_Tabbet.Android.csproj", "{12EA87B6-3348-4C6A-8551-E4033FCA2FE7}"
EndProject
Project("{FAE04EC0-301F-11D3-BF4B-00C04F79EFBC}") = "App_Tabbet", "App_Tabbet\App_Tabbet\App_Tabbet.csproj", "{138B4EE6-FB3C-4F7A-9F9B-365C9976DCC0}"
EndProject
Global
	GlobalSection(SolutionConfigurationPlatforms) = preSolution
		Debug|Any CPU = Debug|Any CPU
		Release|Any CPU = Release|Any CPU
	EndGlobalSection
	GlobalSection(ProjectConfigurationPlatforms) = postSolution
		{12EA87B6-3348-4C6A-8551-E4033FCA2FE7}.Debug|Any CPU.ActiveCfg = Debug|Any CPU
		{12EA87B6-3348-4C6A-8551-E4033FCA2FE7}.Debug|Any CPU.Build.0 = Debug|Any CPU
		{12EA87B6-3348-4C6A-8551-E4033FCA2FE7}.Debug|Any CPU.Deploy.0 = Debug|Any CPU
		{12EA87B6-3348-4C6A-8551-E4033FCA2FE7}.Release|Any CPU.ActiveCfg = Release|Any CPU
		{12EA87B6-3348-4C6A-8551-E4033FCA2FE7}.Release|Any CPU.Build.0 = Release|Any CPU
		{12EA87B6-3348-4C6A-8551-E4033FCA2FE7}.Release|Any CPU.Deploy.0 = Release|Any CPU
		{138B4EE6-FB3C-4F7A-9F9B-365C9976DCC0}.Debug|Any CPU.ActiveCfg = Debug|Any CPU
		{138B4EE6-FB3C-4F7A-9F9B-365C9976DCC0}.Debug|Any CPU.Build.0 = Debug|Any CPU
		{138B4EE6-FB3C-4F7A-9F9B-365C9976DCC0}.Debug|Any CPU.Deploy.0 = Debug|Any CPU
		{138B4EE6-FB3C-4F7A-9F9B-365C9976DCC0}.Release|Any CPU.ActiveCfg = Release|Any CPU
		{138B4EE6-FB3C-4F7A-9F9B-365C9976DCC0}.Release|Any CPU.Build.0 = Release|Any CPU
		{138B4EE6-FB3C-4F7A-9F9B-365C9976DCC0}.Release|Any CPU.Deploy.0 = Release|Any CPU
	EndGlobalSection
	GlobalSection(SolutionProperties) = preSolution
		HideSolutionNode = FALSE
	EndGlobalSection
	GlobalSection(ExtensibilityGlobals) = postSolution
		SolutionGuid = {EAF1EB0E-485E-4C1A-9F9D-7F2D21D11190}
	EndGlobalSection
EndGlobal
